# @generated by Move, please check-in and do not edit manually.

[move]
version = 3
manifest_digest = "92D28E04B67C7877517C6D80BDF368F86269944A59EFF14338467979D27BA6E6"
deps_digest = "F9B494B64F0615AED0E98FC12A85B85ECD2BC5185C22D30E7F67786BB52E507C"
dependencies = [
  { id = "Bridge", name = "Bridge" },
  { id = "MoveStdlib", name = "MoveStdlib" },
  { id = "Sui", name = "Sui" },
  { id = "SuiSystem", name = "SuiSystem" },
]

[[move.package]]
id = "Bridge"
source = { git = "https://github.com/MystenLabs/sui.git", rev = "ad937889f2f99bc666b05aaeadccb0d3d7d1f863", subdir = "crates/sui-framework/packages/bridge" }

dependencies = [
  { id = "MoveStdlib", name = "MoveStdlib" },
  { id = "Sui", name = "Sui" },
  { id = "SuiSystem", name = "SuiSystem" },
]

[[move.package]]
id = "MoveStdlib"
source = { git = "https://github.com/MystenLabs/sui.git", rev = "ad937889f2f99bc666b05aaeadccb0d3d7d1f863", subdir = "crates/sui-framework/packages/move-stdlib" }

[[move.package]]
id = "Sui"
source = { git = "https://github.com/MystenLabs/sui.git", rev = "ad937889f2f99bc666b05aaeadccb0d3d7d1f863", subdir = "crates/sui-framework/packages/sui-framework" }

dependencies = [
  { id = "MoveStdlib", name = "MoveStdlib" },
]

[[move.package]]
id = "SuiSystem"
source = { git = "https://github.com/MystenLabs/sui.git", rev = "ad937889f2f99bc666b05aaeadccb0d3d7d1f863", subdir = "crates/sui-framework/packages/sui-system" }

dependencies = [
  { id = "MoveStdlib", name = "MoveStdlib" },
  { id = "Sui", name = "Sui" },
]

[move.toolchain-version]
compiler-version = "1.62.0"
edition = "2024.beta"
flavor = "sui"

[env]

[env.local]
chain-id = "82d902b5"
original-published-id = "0x74f84048e7ceb76777f256d6723c56ac7fe4cf193b1b5f5cf8b37bd29a6d0e39"
latest-published-id = "0x74f84048e7ceb76777f256d6723c56ac7fe4cf193b1b5f5cf8b37bd29a6d0e39"
published-version = "1"

[env.devnet]
chain-id = "043d64c6"
original-published-id = "0xd2b2a9493f91dc61d4dcc9f20f973600f39cb1e1cce1a155fe93ac16ec4a86f7"
latest-published-id = "0xd2b2a9493f91dc61d4dcc9f20f973600f39cb1e1cce1a155fe93ac16ec4a86f7"
published-version = "1"
